// !$*UTF8*$!
{
	archiveVersion = 1;
	classes = {
	};
	objectVersion = 50;
	objects = {

/* Begin PBXBuildFile section */
		7EE6D66223CC3A9A00B006BE /* AppDelegate.swift in Sources */ = {isa = PBXBuildFile; fileRef = 7EE6D66123CC3A9A00B006BE /* AppDelegate.swift */; };
		7EE6D66423CC3A9A00B006BE /* SceneDelegate.swift in Sources */ = {isa = PBXBuildFile; fileRef = 7EE6D66323CC3A9A00B006BE /* SceneDelegate.swift */; };
		7EE6D66623CC3A9A00B006BE /* ViewController.swift in Sources */ = {isa = PBXBuildFile; fileRef = 7EE6D66523CC3A9A00B006BE /* ViewController.swift */; };
		7EE6D66923CC3A9A00B006BE /* Main.storyboard in Resources */ = {isa = PBXBuildFile; fileRef = 7EE6D66723CC3A9A00B006BE /* Main.storyboard */; };
		7EE6D66B23CC3A9D00B006BE /* Assets.xcassets in Resources */ = {isa = PBXBuildFile; fileRef = 7EE6D66A23CC3A9D00B006BE /* Assets.xcassets */; };
		7EE6D66E23CC3A9D00B006BE /* LaunchScreen.storyboard in Resources */ = {isa = PBXBuildFile; fileRef = 7EE6D66C23CC3A9D00B006BE /* LaunchScreen.storyboard */; };
/* End PBXBuildFile section */

/* Begin PBXFileReference section */
		7EE6D65E23CC3A9A00B006BE /* EmojiDictionary_SavingData.app */ = {isa = PBXFileReference; explicitFileType = wrapper.application; includeInIndex = 0; path = EmojiDictionary_SavingData.app; sourceTree = BUILT_PRODUCTS_DIR; };
		7EE6D66123CC3A9A00B006BE /* AppDelegate.swift */ = {isa = PBXFileReference; lastKnownFileType = sourcecode.swift; path = AppDelegate.swift; sourceTree = "<group>"; };
		7EE6D66323CC3A9A00B006BE /* SceneDelegate.swift */ = {isa = PBXFileReference; lastKnownFileType = sourcecode.swift; path = SceneDelegate.swift; sourceTree = "<group>"; };
		7EE6D66523CC3A9A00B006BE /* ViewController.swift */ = {isa = PBXFileReference; lastKnownFileType = sourcecode.swift; path = ViewController.swift; sourceTree = "<group>"; };
		7EE6D66823CC3A9A00B006BE /* Base */ = {isa = PBXFileReference; lastKnownFileType = file.storyboard; name = Base; path = Base.lproj/Main.storyboard; sourceTree = "<group>"; };
		7EE6D66A23CC3A9D00B006BE /* Assets.xcassets */ = {isa = PBXFileReference; lastKnownFileType = folder.assetcatalog; path = Assets.xcassets; sourceTree = "<group>"; };
		7EE6D66D23CC3A9D00B006BE /* Base */ = {isa = PBXFileReference; lastKnownFileType = file.storyboard; name = Base; path = Base.lproj/LaunchScreen.storyboard; sourceTree = "<group>"; };
		7EE6D66F23CC3A9D00B006BE /* Info.plist */ = {isa = PBXFileReference; lastKnownFileType = text.plist.xml; path = Info.plist; sourceTree = "<group>"; };
/* End PBXFileReference section */

/* Begin PBXFrameworksBuildPhase section */
		7EE6D65B23CC3A9A00B006BE /* Frameworks */ = {
			isa = PBXFrameworksBuildPhase;
			buildActionMask = 2147483647;
			files = (
			);
			runOnlyForDeploymentPostprocessing = 0;
		};
/* End PBXFrameworksBuildPhase section */

/* Begin PBXGroup section */
		7EE6D65523CC3A9A00B006BE = {
			isa = PBXGroup;
			children = (
				7EE6D66023CC3A9A00B006BE /* EmojiDictionary_SavingData */,
				7EE6D65F23CC3A9A00B006BE /* Products */,
			);
			sourceTree = "<group>";
		};
		7EE6D65F23CC3A9A00B006BE /* Products */ = {
			isa = PBXGroup;
			children = (
				7EE6D65E23CC3A9A00B006BE /* EmojiDictionary_SavingData.app */,
			);
			name = Products;
			sourceTree = "<group>";
		};
		7EE6D66023CC3A9A00B006BE /* EmojiDictionary_SavingData */ = {
			isa = PBXGroup;
			children = (
				7EE6D66123CC3A9A00B006BE /* AppDelegate.swift */,
				7EE6D66323CC3A9A00B006BE /* SceneDelegate.swift */,
				7EE6D66523CC3A9A00B006BE /* ViewController.swift */,
				7EE6D66723CC3A9A00B006BE /* Main.storyboard */,
				7EE6D66A23CC3A9D00B006BE /* Assets.xcassets */,
				7EE6D66C23CC3A9D00B006BE /* LaunchScreen.storyboard */,
				7EE6D66F23CC3A9D00B006BE /* Info.plist */,
			);
			path = EmojiDictionary_SavingData;
			sourceTree = "<group>";
		};
/* End PBXGroup section */

/* Begin PBXNativeTarget section */
		7EE6D65D23CC3A9A00B006BE /* EmojiDictionary_SavingData */ = {
			isa = PBXNativeTarget;
			buildConfigurationList = 7EE6D67223CC3A9D00B006BE /* Build configuration list for PBXNativeTarget "EmojiDictionary_SavingData" */;
			buildPhases = (
				7EE6D65A23CC3A9A00B006BE /* Sources */,
				7EE6D65B23CC3A9A00B006BE /* Frameworks */,
				7EE6D65C23CC3A9A00B006BE /* Resources */,
			);
			buildRules = (
			);
			dependencies = (
			);
			name = EmojiDictionary_SavingData;
			productName = EmojiDictionary_SavingData;
			productReference = 7EE6D65E23CC3A9A00B006BE /* EmojiDictionary_SavingData.app */;
			productType = "com.apple.product-type.application";
		};
/* End PBXNativeTarget section */

/* Begin PBXProject section */
		7EE6D65623CC3A9A00B006BE /* Project object */ = {
			isa = PBXProject;
			attributes = {
				LastSwiftUpdateCheck = 1130;
				LastUpgradeCheck = 1130;
				ORGANIZATIONNAME = "Hyunsik Won";
				TargetAttributes = {
					7EE6D65D23CC3A9A00B006BE = {
						CreatedOnToolsVersion = 11.3;
					};
				};
			};
			buildConfigurationList = 7EE6D65923CC3A9A00B006BE /* Build configuration list for PBXProject "EmojiDictionary_SavingData" */;
			compatibilityVersion = "Xcode 9.3";
			developmentRegion = en;
			hasScannedForEncodings = 0;
			knownRegions = (
				en,
				Base,
			);
			mainGroup = 7EE6D65523CC3A9A00B006BE;
			productRefGroup = 7EE6D65F23CC3A9A00B006BE /* Products */;
			projectDirPath = "";
			projectRoot = "";
			targets = (
				7EE6D65D23CC3A9A00B006BE /* EmojiDictionary_SavingData */,
			);
		};
/* End PBXProject section */

/* Begin PBXResourcesBuildPhase section */
		7EE6D65C23CC3A9A00B006BE /* Resources */ = {
			isa = PBXResourcesBuildPhase;
			buildActionMask = 2147483647;
			files = (
				7EE6D66E23CC3A9D00B006BE /* LaunchScreen.storyboard in Resources */,
				7EE6D66B23CC3A9D00B006BE /* Assets.xcassets in Resources */,
				7EE6D66923CC3A9A00B006BE /* Main.storyboard in Resources */,
			);
			runOnlyForDeploymentPostprocessing = 0;
		};
/* End PBXResourcesBuildPhase section */

/* Begin PBXSourcesBuildPhase section */
		7EE6D65A23CC3A9A00B006BE /* Sources */ = {
			isa = PBXSourcesBuildPhase;
			buildActionMask = 2147483647;
			files = (
				7EE6D66623CC3A9A00B006BE /* ViewController.swift in Sources */,
				7EE6D66223CC3A9A00B006BE /* AppDelegate.swift in Sources */,
				7EE6D66423CC3A9A00B006BE /* SceneDelegate.swift in Sources */,
			);
			runOnlyForDeploymentPostprocessing = 0;
		};
/* End PBXSourcesBuildPhase section */

/* Begin PBXVariantGroup section */
		7EE6D66723CC3A9A00B006BE /* Main.storyboard */ = {
			isa = PBXVariantGroup;
			children = (
				7EE6D66823CC3A9A00B006BE /* Base */,
			);
			name = Main.storyboard;
			sourceTree = "<group>";
		};
		7EE6D66C23CC3A9D00B006BE /* LaunchScreen.storyboard */ = {
			isa = PBXVariantGroup;
			children = (
				7EE6D66D23CC3A9D00B006BE /* Base */,
			);
			name = LaunchScreen.storyboard;
			sourceTree = "<group>";
		};
/* End PBXVariantGroup section */

/* Begin XCBuildConfiguration section */
		7EE6D67023CC3A9D00B006BE /* Debug */ = {
			isa = XCBuildConfiguration;
			buildSettings = {
				ALWAYS_SEARCH_USER_PATHS = NO;
				CLANG_ANALYZER_NONNULL = YES;
				CLANG_ANALYZER_NUMBER_OBJECT_CONVERSION = YES_AGGRESSIVE;
				CLANG_CXX_LANGUAGE_STANDARD = "gnu++14";
				CLANG_CXX_LIBRARY = "libc++";
				CLANG_ENABLE_MODULES = YES;
				CLANG_ENABLE_OBJC_ARC = YES;
				CLANG_ENABLE_OBJC_WEAK = YES;
				CLANG_WARN_BLOCK_CAPTURE_AUTORELEASING = YES;
				CLANG_WARN_BOOL_CONVERSION = YES;
				CLANG_WARN_COMMA = YES;
				CLANG_WARN_CONSTANT_CONVERSION = YES;
				CLANG_WARN_DEPRECATED_OBJC_IMPLEMENTATIONS = YES;
				CLANG_WARN_DIRECT_OBJC_ISA_USAGE = YES_ERROR;
				CLANG_WARN_DOCUMENTATION_COMMENTS = YES;
				CLANG_WARN_EMPTY_BODY = YES;
				CLANG_WARN_ENUM_CONVERSION = YES;
				CLANG_WARN_INFINITE_RECURSION = YES;
				CLANG_WARN_INT_CONVERSION = YES;
				CLANG_WARN_NON_LITERAL_NULL_CONVERSION = YES;
				CLANG_WARN_OBJC_IMPLICIT_RETAIN_SELF = YES;
				CLANG_WARN_OBJC_LITERAL_CONVERSION = YES;
				CLANG_WARN_OBJC_ROOT_CLASS = YES_ERROR;
				CLANG_WARN_RANGE_LOOP_ANALYSIS = YES;
				CLANG_WARN_STRICT_PROTOTYPES = YES;
				CLANG_WARN_SUSPICIOUS_MOVE = YES;
				CLANG_WARN_UNGUARDED_AVAILABILITY = YES_AGGRESSIVE;
				CLANG_WARN_UNREACHABLE_CODE = YES;
				CLANG_WARN__DUPLICATE_METHOD_MATCH = YES;
				COPY_PHASE_STRIP = NO;
				DEBUG_INFORMATION_FORMAT = dwarf;
				ENABLE_STRICT_OBJC_MSGSEND = YES;
				ENABLE_TESTABILITY = YES;
				GCC_C_LANGUAGE_STANDARD = gnu11;
				GCC_DYNAMIC_NO_PIC = NO;
				GCC_NO_COMMON_BLOCKS = YES;
				GCC_OPTIMIZATION_LEVEL = 0;
				GCC_PREPROCESSOR_DEFINITIONS = (
					"DEBUG=1",
					"$(inherited)",
				);
				GCC_WARN_64_TO_32_BIT_CONVERSION = YES;
				GCC_WARN_ABOUT_RETURN_TYPE = YES_ERROR;
				GCC_WARN_UNDECLARED_SELECTOR = YES;
				GCC_WARN_UNINITIALIZED_AUTOS = YES_AGGRESSIVE;
				GCC_WARN_UNUSED_FUNCTION = YES;
				GCC_WARN_UNUSED_VARIABLE = YES;
				IPHONEOS_DEPLOYMENT_TARGET = 13.2;
				MTL_ENABLE_DEBUG_INFO = INCLUDE_SOURCE;
				MTL_FAST_MATH = YES;
				ONLY_ACTIVE_ARCH = YES;
				SDKROOT = iphoneos;
				SWIFT_ACTIVE_COMPILATION_CONDITIONS = DEBUG;
				SWIFT_OPTIMIZATION_LEVEL = "-Onone";
			};
			name = Debug;
		};
		7EE6D67123CC3A9D00B006BE /* Release */ = {
			isa = XCBuildConfiguration;
			buildSettings = {
				ALWAYS_SEARCH_USER_PATHS = NO;
				CLANG_ANALYZER_NONNULL = YES;
				CLANG_ANALYZER_NUMBER_OBJECT_CONVERSION = YES_AGGRESSIVE;
				CLANG_CXX_LANGUAGE_STANDARD = "gnu++14";
				CLANG_CXX_LIBRARY = "libc++";
				CLANG_ENABLE_MODULES = YES;
				CLANG_ENABLE_OBJC_ARC = YES;
				CLANG_ENABLE_OBJC_WEAK = YES;
				CLANG_WARN_BLOCK_CAPTURE_AUTORELEASING = YES;
				CLANG_WARN_BOOL_CONVERSION = YES;
				CLANG_WARN_COMMA = YES;
				CLANG_WARN_CONSTANT_CONVERSION = YES;
				CLANG_WARN_DEPRECATED_OBJC_IMPLEMENTATIONS = YES;
				CLANG_WARN_DIRECT_OBJC_ISA_USAGE = YES_ERROR;
				CLANG_WARN_DOCUMENTATION_COMMENTS = YES;
				CLANG_WARN_EMPTY_BODY = YES;
				CLANG_WARN_ENUM_CONVERSION = YES;
				CLANG_WARN_INFINITE_RECURSION = YES;
				CLANG_WARN_INT_CONVERSION = YES;
				CLANG_WARN_NON_LITERAL_NULL_CONVERSION = YES;
				CLANG_WARN_OBJC_IMPLICIT_RETAIN_SELF = YES;
				CLANG_WARN_OBJC_LITERAL_CONVERSION = YES;
				CLANG_WARN_OBJC_ROOT_CLASS = YES_ERROR;
				CLANG_WARN_RANGE_LOOP_ANALYSIS = YES;
				CLANG_WARN_STRICT_PROTOTYPES = YES;
				CLANG_WARN_SUSPICIOUS_MOVE = YES;
				CLANG_WARN_UNGUARDED_AVAILABILITY = YES_AGGRESSIVE;
				CLANG_WARN_UNREACHABLE_CODE = YES;
				CLANG_WARN__DUPLICATE_METHOD_MATCH = YES;
				COPY_PHASE_STRIP = NO;
				DEBUG_INFORMATION_FORMAT = "dwarf-with-dsym";
				ENABLE_NS_ASSERTIONS = NO;
				ENABLE_STRICT_OBJC_MSGSEND = YES;
				GCC_C_LANGUAGE_STANDARD = gnu11;
				GCC_NO_COMMON_BLOCKS = YES;
				GCC_WARN_64_TO_32_BIT_CONVERSION = YES;
				GCC_WARN_ABOUT_RETURN_TYPE = YES_ERROR;
				GCC_WARN_UNDECLARED_SELECTOR = YES;
				GCC_WARN_UNINITIALIZED_AUTOS = YES_AGGRESSIVE;
				GCC_WARN_UNUSED_FUNCTION = YES;
				GCC_WARN_UNUSED_VARIABLE = YES;
				IPHONEOS_DEPLOYMENT_TARGET = 13.2;
				MTL_ENABLE_DEBUG_INFO = NO;
				MTL_FAST_MATH = YES;
				SDKROOT = iphoneos;
				SWIFT_COMPILATION_MODE = wholemodule;
				SWIFT_OPTIMIZATION_LEVEL = "-O";
				VALIDATE_PRODUCT = YES;
			};
			name = Release;
		};
		7EE6D67323CC3A9D00B006BE /* Debug */ = {
			isa = XCBuildConfiguration;
			buildSettings = {
				ASSETCATALOG_COMPILER_APPICON_NAME = AppIcon;
				CODE_SIGN_STYLE = Automatic;
				DEVELOPMENT_TEAM = VBLS39QX3Y;
				INFOPLIST_FILE = EmojiDictionary_SavingData/Info.plist;
				LD_RUNPATH_SEARCH_PATHS = (
					"$(inherited)",
					"@executable_path/Frameworks",
				);
				PRODUCT_BUNDLE_IDENTIFIER = "com.hyunsik.EmojiDictionary-SavingData";
				PRODUCT_NAME = "$(TARGET_NAME)";
				SWIFT_VERSION = 5.0;
				TARGETED_DEVICE_FAMILY = "1,2";
			};
			name = Debug;
		};
		7EE6D67423CC3A9D00B006BE /* Release */ = {
			isa = XCBuildConfiguration;
			buildSettings = {
				ASSETCATALOG_COMPILER_APPICON_NAME = AppIcon;
				CODE_SIGN_STYLE = Automatic;
				DEVELOPMENT_TEAM = VBLS39QX3Y;
				INFOPLIST_FILE = EmojiDictionary_SavingData/Info.plist;
				LD_RUNPATH_SEARCH_PATHS = (
					"$(inherited)",
					"@executable_path/Frameworks",
				);
				PRODUCT_BUNDLE_IDENTIFIER = "com.hyunsik.EmojiDictionary-SavingData";
				PRODUCT_NAME = "$(TARGET_NAME)";
				SWIFT_VERSION = 5.0;
				TARGETED_DEVICE_FAMILY = "1,2";
			};
			name = Release;
		};
/* End XCBuildConfiguration section */

/* Begin XCConfigurationList section */
		7EE6D65923CC3A9A00B006BE /* Build configuration list for PBXProject "EmojiDictionary_SavingData" */ = {
			isa = XCConfigurationList;
			buildConfigurations = (
				7EE6D67023CC3A9D00B006BE /* Debug */,
				7EE6D67123CC3A9D00B006BE /* Release */,
			);
			defaultConfigurationIsVisible = 0;
			defaultConfigurationName = Release;
		};
		7EE6D67223CC3A9D00B006BE /* Build configuration list for PBXNativeTarget "EmojiDictionary_SavingData" */ = {
			isa = XCConfigurationList;
			buildConfigurations = (
				7EE6D67323CC3A9D00B006BE /* Debug */,
				7EE6D67423CC3A9D00B006BE /* Release */,
			);
			defaultConfigurationIsVisible = 0;
			defaultConfigurationName = Release;
		};
/* End XCConfigurationList section */
	};
	rootObject = 7EE6D65623CC3A9A00B006BE /* Project object */;
}
