// !$*UTF8*$!
{
	archiveVersion = 1;
	classes = {
	};
	objectVersion = 50;
	objects = {

/* Begin PBXBuildFile section */
		7E10E757235893C30055E2D3 /* TodoList.swift in Sources */ = {isa = PBXBuildFile; fileRef = 7E10E756235893C30055E2D3 /* TodoList.swift */; };
		7E247E4A235B336E00A80171 /* ItemDetailViewController.swift in Sources */ = {isa = PBXBuildFile; fileRef = 7E247E49235B336E00A80171 /* ItemDetailViewController.swift */; };
		7E307C542345871C00949CC3 /* AppDelegate.swift in Sources */ = {isa = PBXBuildFile; fileRef = 7E307C532345871C00949CC3 /* AppDelegate.swift */; };
		7E307C562345871C00949CC3 /* SceneDelegate.swift in Sources */ = {isa = PBXBuildFile; fileRef = 7E307C552345871C00949CC3 /* SceneDelegate.swift */; };
		7E307C582345871C00949CC3 /* ChecklistViewController.swift in Sources */ = {isa = PBXBuildFile; fileRef = 7E307C572345871C00949CC3 /* ChecklistViewController.swift */; };
		7E307C5B2345871C00949CC3 /* Main.storyboard in Resources */ = {isa = PBXBuildFile; fileRef = 7E307C592345871C00949CC3 /* Main.storyboard */; };
		7E307C5D2345871D00949CC3 /* Assets.xcassets in Resources */ = {isa = PBXBuildFile; fileRef = 7E307C5C2345871D00949CC3 /* Assets.xcassets */; };
		7E307C602345871D00949CC3 /* LaunchScreen.storyboard in Resources */ = {isa = PBXBuildFile; fileRef = 7E307C5E2345871D00949CC3 /* LaunchScreen.storyboard */; };
		7EAAAF67235EFC7C0002C9FA /* ChecklistTableViewCell.swift in Sources */ = {isa = PBXBuildFile; fileRef = 7EAAAF66235EFC7C0002C9FA /* ChecklistTableViewCell.swift */; };
		7EAF57FE234C3C3000086212 /* CheckListItem.swift in Sources */ = {isa = PBXBuildFile; fileRef = 7EAF57FD234C3C3000086212 /* CheckListItem.swift */; };
/* End PBXBuildFile section */

/* Begin PBXFileReference section */
		7E10E756235893C30055E2D3 /* TodoList.swift */ = {isa = PBXFileReference; lastKnownFileType = sourcecode.swift; path = TodoList.swift; sourceTree = "<group>"; };
		7E247E49235B336E00A80171 /* ItemDetailViewController.swift */ = {isa = PBXFileReference; lastKnownFileType = sourcecode.swift; path = ItemDetailViewController.swift; sourceTree = "<group>"; };
		7E307C502345871C00949CC3 /* Checklist.app */ = {isa = PBXFileReference; explicitFileType = wrapper.application; includeInIndex = 0; path = Checklist.app; sourceTree = BUILT_PRODUCTS_DIR; };
		7E307C532345871C00949CC3 /* AppDelegate.swift */ = {isa = PBXFileReference; lastKnownFileType = sourcecode.swift; path = AppDelegate.swift; sourceTree = "<group>"; };
		7E307C552345871C00949CC3 /* SceneDelegate.swift */ = {isa = PBXFileReference; lastKnownFileType = sourcecode.swift; path = SceneDelegate.swift; sourceTree = "<group>"; };
		7E307C572345871C00949CC3 /* ChecklistViewController.swift */ = {isa = PBXFileReference; lastKnownFileType = sourcecode.swift; path = ChecklistViewController.swift; sourceTree = "<group>"; };
		7E307C5A2345871C00949CC3 /* Base */ = {isa = PBXFileReference; lastKnownFileType = file.storyboard; name = Base; path = Base.lproj/Main.storyboard; sourceTree = "<group>"; };
		7E307C5C2345871D00949CC3 /* Assets.xcassets */ = {isa = PBXFileReference; lastKnownFileType = folder.assetcatalog; path = Assets.xcassets; sourceTree = "<group>"; };
		7E307C5F2345871D00949CC3 /* Base */ = {isa = PBXFileReference; lastKnownFileType = file.storyboard; name = Base; path = Base.lproj/LaunchScreen.storyboard; sourceTree = "<group>"; };
		7E307C612345871D00949CC3 /* Info.plist */ = {isa = PBXFileReference; lastKnownFileType = text.plist.xml; path = Info.plist; sourceTree = "<group>"; };
		7EAAAF66235EFC7C0002C9FA /* ChecklistTableViewCell.swift */ = {isa = PBXFileReference; lastKnownFileType = sourcecode.swift; path = ChecklistTableViewCell.swift; sourceTree = "<group>"; };
		7EAF57FD234C3C3000086212 /* CheckListItem.swift */ = {isa = PBXFileReference; lastKnownFileType = sourcecode.swift; path = CheckListItem.swift; sourceTree = "<group>"; };
/* End PBXFileReference section */

/* Begin PBXFrameworksBuildPhase section */
		7E307C4D2345871C00949CC3 /* Frameworks */ = {
			isa = PBXFrameworksBuildPhase;
			buildActionMask = 2147483647;
			files = (
			);
			runOnlyForDeploymentPostprocessing = 0;
		};
/* End PBXFrameworksBuildPhase section */

/* Begin PBXGroup section */
		7E307C472345871C00949CC3 = {
			isa = PBXGroup;
			children = (
				7E307C522345871C00949CC3 /* Checklist */,
				7E307C512345871C00949CC3 /* Products */,
			);
			sourceTree = "<group>";
		};
		7E307C512345871C00949CC3 /* Products */ = {
			isa = PBXGroup;
			children = (
				7E307C502345871C00949CC3 /* Checklist.app */,
			);
			name = Products;
			sourceTree = "<group>";
		};
		7E307C522345871C00949CC3 /* Checklist */ = {
			isa = PBXGroup;
			children = (
				7E307C572345871C00949CC3 /* ChecklistViewController.swift */,
				7E307C592345871C00949CC3 /* Main.storyboard */,
				7E307C5C2345871D00949CC3 /* Assets.xcassets */,
				7E307C612345871D00949CC3 /* Info.plist */,
				7EAF57FD234C3C3000086212 /* CheckListItem.swift */,
				7E10E756235893C30055E2D3 /* TodoList.swift */,
				7E247E49235B336E00A80171 /* ItemDetailViewController.swift */,
				7EAAAF66235EFC7C0002C9FA /* ChecklistTableViewCell.swift */,
				7EAAAF65235EFC4F0002C9FA /* Supporting Files */,
			);
			path = Checklist;
			sourceTree = "<group>";
		};
		7EAAAF65235EFC4F0002C9FA /* Supporting Files */ = {
			isa = PBXGroup;
			children = (
				7E307C532345871C00949CC3 /* AppDelegate.swift */,
				7E307C552345871C00949CC3 /* SceneDelegate.swift */,
				7E307C5E2345871D00949CC3 /* LaunchScreen.storyboard */,
			);
			path = "Supporting Files";
			sourceTree = "<group>";
		};
/* End PBXGroup section */

/* Begin PBXNativeTarget section */
		7E307C4F2345871C00949CC3 /* Checklist */ = {
			isa = PBXNativeTarget;
			buildConfigurationList = 7E307C642345871D00949CC3 /* Build configuration list for PBXNativeTarget "Checklist" */;
			buildPhases = (
				7E307C4C2345871C00949CC3 /* Sources */,
				7E307C4D2345871C00949CC3 /* Frameworks */,
				7E307C4E2345871C00949CC3 /* Resources */,
			);
			buildRules = (
			);
			dependencies = (
			);
			name = Checklist;
			productName = Checklist;
			productReference = 7E307C502345871C00949CC3 /* Checklist.app */;
			productType = "com.apple.product-type.application";
		};
/* End PBXNativeTarget section */

/* Begin PBXProject section */
		7E307C482345871C00949CC3 /* Project object */ = {
			isa = PBXProject;
			attributes = {
				LastSwiftUpdateCheck = 1100;
				LastUpgradeCheck = 1100;
				ORGANIZATIONNAME = "Hyunsik Won";
				TargetAttributes = {
					7E307C4F2345871C00949CC3 = {
						CreatedOnToolsVersion = 11.0;
					};
				};
			};
			buildConfigurationList = 7E307C4B2345871C00949CC3 /* Build configuration list for PBXProject "Checklist" */;
			compatibilityVersion = "Xcode 9.3";
			developmentRegion = en;
			hasScannedForEncodings = 0;
			knownRegions = (
				en,
				Base,
			);
			mainGroup = 7E307C472345871C00949CC3;
			productRefGroup = 7E307C512345871C00949CC3 /* Products */;
			projectDirPath = "";
			projectRoot = "";
			targets = (
				7E307C4F2345871C00949CC3 /* Checklist */,
			);
		};
/* End PBXProject section */

/* Begin PBXResourcesBuildPhase section */
		7E307C4E2345871C00949CC3 /* Resources */ = {
			isa = PBXResourcesBuildPhase;
			buildActionMask = 2147483647;
			files = (
				7E307C602345871D00949CC3 /* LaunchScreen.storyboard in Resources */,
				7E307C5D2345871D00949CC3 /* Assets.xcassets in Resources */,
				7E307C5B2345871C00949CC3 /* Main.storyboard in Resources */,
			);
			runOnlyForDeploymentPostprocessing = 0;
		};
/* End PBXResourcesBuildPhase section */

/* Begin PBXSourcesBuildPhase section */
		7E307C4C2345871C00949CC3 /* Sources */ = {
			isa = PBXSourcesBuildPhase;
			buildActionMask = 2147483647;
			files = (
				7E10E757235893C30055E2D3 /* TodoList.swift in Sources */,
				7E307C582345871C00949CC3 /* ChecklistViewController.swift in Sources */,
				7E247E4A235B336E00A80171 /* ItemDetailViewController.swift in Sources */,
				7EAAAF67235EFC7C0002C9FA /* ChecklistTableViewCell.swift in Sources */,
				7E307C542345871C00949CC3 /* AppDelegate.swift in Sources */,
				7E307C562345871C00949CC3 /* SceneDelegate.swift in Sources */,
				7EAF57FE234C3C3000086212 /* CheckListItem.swift in Sources */,
			);
			runOnlyForDeploymentPostprocessing = 0;
		};
/* End PBXSourcesBuildPhase section */

/* Begin PBXVariantGroup section */
		7E307C592345871C00949CC3 /* Main.storyboard */ = {
			isa = PBXVariantGroup;
			children = (
				7E307C5A2345871C00949CC3 /* Base */,
			);
			name = Main.storyboard;
			sourceTree = "<group>";
		};
		7E307C5E2345871D00949CC3 /* LaunchScreen.storyboard */ = {
			isa = PBXVariantGroup;
			children = (
				7E307C5F2345871D00949CC3 /* Base */,
			);
			name = LaunchScreen.storyboard;
			sourceTree = "<group>";
		};
/* End PBXVariantGroup section */

/* Begin XCBuildConfiguration section */
		7E307C622345871D00949CC3 /* Debug */ = {
			isa = XCBuildConfiguration;
			buildSettings = {
				ALWAYS_SEARCH_USER_PATHS = NO;
				CLANG_ANALYZER_NONNULL = YES;
				CLANG_ANALYZER_NUMBER_OBJECT_CONVERSION = YES_AGGRESSIVE;
				CLANG_CXX_LANGUAGE_STANDARD = "gnu++14";
				CLANG_CXX_LIBRARY = "libc++";
				CLANG_ENABLE_MODULES = YES;
				CLANG_ENABLE_OBJC_ARC = YES;
				CLANG_ENABLE_OBJC_WEAK = YES;
				CLANG_WARN_BLOCK_CAPTURE_AUTORELEASING = YES;
				CLANG_WARN_BOOL_CONVERSION = YES;
				CLANG_WARN_COMMA = YES;
				CLANG_WARN_CONSTANT_CONVERSION = YES;
				CLANG_WARN_DEPRECATED_OBJC_IMPLEMENTATIONS = YES;
				CLANG_WARN_DIRECT_OBJC_ISA_USAGE = YES_ERROR;
				CLANG_WARN_DOCUMENTATION_COMMENTS = YES;
				CLANG_WARN_EMPTY_BODY = YES;
				CLANG_WARN_ENUM_CONVERSION = YES;
				CLANG_WARN_INFINITE_RECURSION = YES;
				CLANG_WARN_INT_CONVERSION = YES;
				CLANG_WARN_NON_LITERAL_NULL_CONVERSION = YES;
				CLANG_WARN_OBJC_IMPLICIT_RETAIN_SELF = YES;
				CLANG_WARN_OBJC_LITERAL_CONVERSION = YES;
				CLANG_WARN_OBJC_ROOT_CLASS = YES_ERROR;
				CLANG_WARN_RANGE_LOOP_ANALYSIS = YES;
				CLANG_WARN_STRICT_PROTOTYPES = YES;
				CLANG_WARN_SUSPICIOUS_MOVE = YES;
				CLANG_WARN_UNGUARDED_AVAILABILITY = YES_AGGRESSIVE;
				CLANG_WARN_UNREACHABLE_CODE = YES;
				CLANG_WARN__DUPLICATE_METHOD_MATCH = YES;
				COPY_PHASE_STRIP = NO;
				DEBUG_INFORMATION_FORMAT = dwarf;
				ENABLE_STRICT_OBJC_MSGSEND = YES;
				ENABLE_TESTABILITY = YES;
				GCC_C_LANGUAGE_STANDARD = gnu11;
				GCC_DYNAMIC_NO_PIC = NO;
				GCC_NO_COMMON_BLOCKS = YES;
				GCC_OPTIMIZATION_LEVEL = 0;
				GCC_PREPROCESSOR_DEFINITIONS = (
					"DEBUG=1",
					"$(inherited)",
				);
				GCC_WARN_64_TO_32_BIT_CONVERSION = YES;
				GCC_WARN_ABOUT_RETURN_TYPE = YES_ERROR;
				GCC_WARN_UNDECLARED_SELECTOR = YES;
				GCC_WARN_UNINITIALIZED_AUTOS = YES_AGGRESSIVE;
				GCC_WARN_UNUSED_FUNCTION = YES;
				GCC_WARN_UNUSED_VARIABLE = YES;
				IPHONEOS_DEPLOYMENT_TARGET = 13.0;
				MTL_ENABLE_DEBUG_INFO = INCLUDE_SOURCE;
				MTL_FAST_MATH = YES;
				ONLY_ACTIVE_ARCH = YES;
				SDKROOT = iphoneos;
				SWIFT_ACTIVE_COMPILATION_CONDITIONS = DEBUG;
				SWIFT_OPTIMIZATION_LEVEL = "-Onone";
			};
			name = Debug;
		};
		7E307C632345871D00949CC3 /* Release */ = {
			isa = XCBuildConfiguration;
			buildSettings = {
				ALWAYS_SEARCH_USER_PATHS = NO;
				CLANG_ANALYZER_NONNULL = YES;
				CLANG_ANALYZER_NUMBER_OBJECT_CONVERSION = YES_AGGRESSIVE;
				CLANG_CXX_LANGUAGE_STANDARD = "gnu++14";
				CLANG_CXX_LIBRARY = "libc++";
				CLANG_ENABLE_MODULES = YES;
				CLANG_ENABLE_OBJC_ARC = YES;
				CLANG_ENABLE_OBJC_WEAK = YES;
				CLANG_WARN_BLOCK_CAPTURE_AUTORELEASING = YES;
				CLANG_WARN_BOOL_CONVERSION = YES;
				CLANG_WARN_COMMA = YES;
				CLANG_WARN_CONSTANT_CONVERSION = YES;
				CLANG_WARN_DEPRECATED_OBJC_IMPLEMENTATIONS = YES;
				CLANG_WARN_DIRECT_OBJC_ISA_USAGE = YES_ERROR;
				CLANG_WARN_DOCUMENTATION_COMMENTS = YES;
				CLANG_WARN_EMPTY_BODY = YES;
				CLANG_WARN_ENUM_CONVERSION = YES;
				CLANG_WARN_INFINITE_RECURSION = YES;
				CLANG_WARN_INT_CONVERSION = YES;
				CLANG_WARN_NON_LITERAL_NULL_CONVERSION = YES;
				CLANG_WARN_OBJC_IMPLICIT_RETAIN_SELF = YES;
				CLANG_WARN_OBJC_LITERAL_CONVERSION = YES;
				CLANG_WARN_OBJC_ROOT_CLASS = YES_ERROR;
				CLANG_WARN_RANGE_LOOP_ANALYSIS = YES;
				CLANG_WARN_STRICT_PROTOTYPES = YES;
				CLANG_WARN_SUSPICIOUS_MOVE = YES;
				CLANG_WARN_UNGUARDED_AVAILABILITY = YES_AGGRESSIVE;
				CLANG_WARN_UNREACHABLE_CODE = YES;
				CLANG_WARN__DUPLICATE_METHOD_MATCH = YES;
				COPY_PHASE_STRIP = NO;
				DEBUG_INFORMATION_FORMAT = "dwarf-with-dsym";
				ENABLE_NS_ASSERTIONS = NO;
				ENABLE_STRICT_OBJC_MSGSEND = YES;
				GCC_C_LANGUAGE_STANDARD = gnu11;
				GCC_NO_COMMON_BLOCKS = YES;
				GCC_WARN_64_TO_32_BIT_CONVERSION = YES;
				GCC_WARN_ABOUT_RETURN_TYPE = YES_ERROR;
				GCC_WARN_UNDECLARED_SELECTOR = YES;
				GCC_WARN_UNINITIALIZED_AUTOS = YES_AGGRESSIVE;
				GCC_WARN_UNUSED_FUNCTION = YES;
				GCC_WARN_UNUSED_VARIABLE = YES;
				IPHONEOS_DEPLOYMENT_TARGET = 13.0;
				MTL_ENABLE_DEBUG_INFO = NO;
				MTL_FAST_MATH = YES;
				SDKROOT = iphoneos;
				SWIFT_COMPILATION_MODE = wholemodule;
				SWIFT_OPTIMIZATION_LEVEL = "-O";
				VALIDATE_PRODUCT = YES;
			};
			name = Release;
		};
		7E307C652345871D00949CC3 /* Debug */ = {
			isa = XCBuildConfiguration;
			buildSettings = {
				ASSETCATALOG_COMPILER_APPICON_NAME = AppIcon;
				CODE_SIGN_STYLE = Automatic;
				DEVELOPMENT_TEAM = VBLS39QX3Y;
				INFOPLIST_FILE = Checklist/Info.plist;
				LD_RUNPATH_SEARCH_PATHS = (
					"$(inherited)",
					"@executable_path/Frameworks",
				);
				PRODUCT_BUNDLE_IDENTIFIER = com.hyunsik.Checklist;
				PRODUCT_NAME = "$(TARGET_NAME)";
				SWIFT_VERSION = 5.0;
				TARGETED_DEVICE_FAMILY = "1,2";
			};
			name = Debug;
		};
		7E307C662345871D00949CC3 /* Release */ = {
			isa = XCBuildConfiguration;
			buildSettings = {
				ASSETCATALOG_COMPILER_APPICON_NAME = AppIcon;
				CODE_SIGN_STYLE = Automatic;
				DEVELOPMENT_TEAM = VBLS39QX3Y;
				INFOPLIST_FILE = Checklist/Info.plist;
				LD_RUNPATH_SEARCH_PATHS = (
					"$(inherited)",
					"@executable_path/Frameworks",
				);
				PRODUCT_BUNDLE_IDENTIFIER = com.hyunsik.Checklist;
				PRODUCT_NAME = "$(TARGET_NAME)";
				SWIFT_VERSION = 5.0;
				TARGETED_DEVICE_FAMILY = "1,2";
			};
			name = Release;
		};
/* End XCBuildConfiguration section */

/* Begin XCConfigurationList section */
		7E307C4B2345871C00949CC3 /* Build configuration list for PBXProject "Checklist" */ = {
			isa = XCConfigurationList;
			buildConfigurations = (
				7E307C622345871D00949CC3 /* Debug */,
				7E307C632345871D00949CC3 /* Release */,
			);
			defaultConfigurationIsVisible = 0;
			defaultConfigurationName = Release;
		};
		7E307C642345871D00949CC3 /* Build configuration list for PBXNativeTarget "Checklist" */ = {
			isa = XCConfigurationList;
			buildConfigurations = (
				7E307C652345871D00949CC3 /* Debug */,
				7E307C662345871D00949CC3 /* Release */,
			);
			defaultConfigurationIsVisible = 0;
			defaultConfigurationName = Release;
		};
/* End XCConfigurationList section */
	};
	rootObject = 7E307C482345871C00949CC3 /* Project object */;
}
